
Microsoft Visual Studio Solution File, Format Version 12.00
# Visual Studio Version 17
VisualStudioVersion = 17.5.33502.453
MinimumVisualStudioVersion = 10.0.40219.1
Project("{FAE04EC0-301F-11D3-BF4B-00C04F79EFBC}") = "PresentroMVC", "PresentroMVC.csproj", "{11EC6717-6426-4F4D-BFC5-FB083FE2FB3D}"
EndProject
Global
	GlobalSection(SolutionConfigurationPlatforms) = preSolution
		Debug|Any CPU = Debug|Any CPU
		Release|Any CPU = Release|Any CPU
	EndGlobalSection
	GlobalSection(ProjectConfigurationPlatforms) = postSolution
		{11EC6717-6426-4F4D-BFC5-FB083FE2FB3D}.Debug|Any CPU.ActiveCfg = Debug|Any CPU
		{11EC6717-6426-4F4D-BFC5-FB083FE2FB3D}.Debug|Any CPU.Build.0 = Debug|Any CPU
		{11EC6717-6426-4F4D-BFC5-FB083FE2FB3D}.Release|Any CPU.ActiveCfg = Release|Any CPU
		{11EC6717-6426-4F4D-BFC5-FB083FE2FB3D}.Release|Any CPU.Build.0 = Release|Any CPU
	EndGlobalSection
	GlobalSection(SolutionProperties) = preSolution
		HideSolutionNode = FALSE
	EndGlobalSection
	GlobalSection(ExtensibilityGlobals) = postSolution
		SolutionGuid = {FF9157BD-B2C3-4077-8B33-DB356BC06AF1}
	EndGlobalSection
EndGlobal
